[[package]]
name = "atomicwrites"
version = "1.4.0"
description = "Atomic file writes."
category = "dev"
optional = false
python-versions = ">=2.7, !=3.0.*, !=3.1.*, !=3.2.*, !=3.3.*"

[[package]]
name = "attrs"
version = "21.4.0"
description = "Classes Without Boilerplate"
category = "dev"
optional = false
python-versions = ">=2.7, !=3.0.*, !=3.1.*, !=3.2.*, !=3.3.*, !=3.4.*"

[package.extras]
dev = ["coverage[toml] (>=5.0.2)", "hypothesis", "pympler", "pytest (>=4.3.0)", "six", "mypy", "pytest-mypy-plugins", "zope.interface", "furo", "sphinx", "sphinx-notfound-page", "pre-commit", "cloudpickle"]
docs = ["furo", "sphinx", "zope.interface", "sphinx-notfound-page"]
tests = ["coverage[toml] (>=5.0.2)", "hypothesis", "pympler", "pytest (>=4.3.0)", "six", "mypy", "pytest-mypy-plugins", "zope.interface", "cloudpickle"]
tests_no_zope = ["coverage[toml] (>=5.0.2)", "hypothesis", "pympler", "pytest (>=4.3.0)", "six", "mypy", "pytest-mypy-plugins", "cloudpickle"]

[[package]]
name = "certifi"
version = "2022.6.15"
description = "Python package for providing Mozilla's CA Bundle."
category = "main"
optional = false
python-versions = ">=3.6"

[[package]]
name = "charset-normalizer"
version = "2.1.0"
description = "The Real First Universal Charset Detector. Open, modern and actively maintained alternative to Chardet."
category = "main"
optional = false
python-versions = ">=3.6.0"

[package.extras]
unicode_backport = ["unicodedata2"]

[[package]]
name = "click"
version = "7.1.2"
description = "Composable command line interface toolkit"
category = "main"
optional = false
python-versions = ">=2.7, !=3.0.*, !=3.1.*, !=3.2.*, !=3.3.*, !=3.4.*"

[[package]]
name = "colorama"
version = "0.4.4"
description = "Cross-platform colored terminal text."
category = "dev"
optional = false
python-versions = ">=2.7, !=3.0.*, !=3.1.*, !=3.2.*, !=3.3.*, !=3.4.*"

[[package]]
name = "et-xmlfile"
version = "1.1.0"
description = "An implementation of lxml.xmlfile for the standard library"
category = "main"
optional = false
python-versions = ">=3.6"

[[package]]
name = "fuzzywuzzy"
version = "0.18.0"
description = "Fuzzy string matching in python"
category = "main"
optional = false
python-versions = "*"

[package.extras]
speedup = ["python-levenshtein (>=0.12)"]

[[package]]
name = "idna"
version = "3.3"
description = "Internationalized Domain Names in Applications (IDNA)"
category = "main"
optional = false
python-versions = ">=3.5"

[[package]]
name = "iniconfig"
version = "1.1.1"
description = "iniconfig: brain-dead simple config-ini parsing"
category = "dev"
optional = false
python-versions = "*"

[[package]]
name = "levenshtein"
version = "0.16.0"
description = "Python extension for computing string edit distances and similarities."
category = "main"
optional = false
python-versions = ">=3.5"

[package.dependencies]
rapidfuzz = ">=1.8.2,<1.9"

[[package]]
name = "numpy"
version = "1.23.1"
description = "NumPy is the fundamental package for array computing with Python."
category = "main"
optional = false
python-versions = ">=3.8"

[[package]]
name = "openpyxl"
version = "3.0.10"
description = "A Python library to read/write Excel 2010 xlsx/xlsm files"
category = "main"
optional = false
python-versions = ">=3.6"

[package.dependencies]
et-xmlfile = "*"

[[package]]
name = "packaging"
version = "21.3"
description = "Core utilities for Python packages"
category = "dev"
optional = false
python-versions = ">=3.6"

[package.dependencies]
pyparsing = ">=2.0.2,<3.0.5 || >3.0.5"

[[package]]
name = "pandas"
version = "1.4.3"
description = "Powerful data structures for data analysis, time series, and statistics"
category = "main"
optional = false
python-versions = ">=3.8"

[package.dependencies]
numpy = {version = ">=1.21.0", markers = "python_version >= \"3.10\""}
python-dateutil = ">=2.8.1"
pytz = ">=2020.1"

[package.extras]
test = ["hypothesis (>=5.5.3)", "pytest (>=6.0)", "pytest-xdist (>=1.31)"]

[[package]]
name = "parser-gibdd"
version = "1.0.0"
description = "Parser of gibbd data"
category = "main"
optional = false
python-versions = "^3.9"
develop = false

[package.dependencies]
click = "^7.1.2"
fuzzywuzzy = "^0.18.0"
Levenshtein = "^0.16.0"
openpyxl = "^3.0.5"
pandas = "^1.1.2"
pydantic = "^1.6.2"
python-dotenv = "^0.14.0"
requests = {version = "^2.27.1", extras = ["socks"]}
tablib = "^3.2.0"
typed-ast = "^1.5.2"
xlrd = "^1.2.0"

[package.source]
type = "git"
url = "https://github.com/Wattabak/parser-gibdd.git"
reference = "package_init"
resolved_reference = "f3297b7f9706dda3aaea52b1d117c9dbe3c65d6b"

[[package]]
name = "pluggy"
version = "1.0.0"
description = "plugin and hook calling mechanisms for python"
category = "dev"
optional = false
python-versions = ">=3.6"

[package.extras]
dev = ["pre-commit", "tox"]
testing = ["pytest", "pytest-benchmark"]

[[package]]
name = "py"
version = "1.11.0"
description = "library with cross-python path, ini-parsing, io, code, log facilities"
category = "dev"
optional = false
python-versions = ">=2.7, !=3.0.*, !=3.1.*, !=3.2.*, !=3.3.*, !=3.4.*"

[[package]]
name = "pydantic"
version = "1.9.1"
description = "Data validation and settings management using python type hints"
category = "main"
optional = false
python-versions = ">=3.6.1"

[package.dependencies]
typing-extensions = ">=3.7.4.3"

[package.extras]
dotenv = ["python-dotenv (>=0.10.4)"]
email = ["email-validator (>=1.0.3)"]

[[package]]
name = "pyparsing"
version = "3.0.7"
description = "Python parsing module"
category = "dev"
optional = false
python-versions = ">=3.6"

[package.extras]
diagrams = ["jinja2", "railroad-diagrams"]

[[package]]
name = "pysocks"
version = "1.7.1"
description = "A Python SOCKS client module. See https://github.com/Anorov/PySocks for more information."
category = "main"
optional = false
python-versions = ">=2.7, !=3.0.*, !=3.1.*, !=3.2.*, !=3.3.*"

[[package]]
name = "pytest"
version = "7.1.1"
description = "pytest: simple powerful testing with Python"
category = "dev"
optional = false
python-versions = ">=3.7"

[package.dependencies]
atomicwrites = {version = ">=1.0", markers = "sys_platform == \"win32\""}
attrs = ">=19.2.0"
colorama = {version = "*", markers = "sys_platform == \"win32\""}
iniconfig = "*"
packaging = "*"
pluggy = ">=0.12,<2.0"
py = ">=1.8.2"
tomli = ">=1.0.0"

[package.extras]
testing = ["argcomplete", "hypothesis (>=3.56)", "mock", "nose", "pygments (>=2.7.2)", "requests", "xmlschema"]

[[package]]
name = "python-dateutil"
version = "2.8.2"
description = "Extensions to the standard Python datetime module"
category = "main"
optional = false
python-versions = "!=3.0.*,!=3.1.*,!=3.2.*,>=2.7"

[package.dependencies]
six = ">=1.5"

[[package]]
name = "python-dotenv"
version = "0.14.0"
description = "Add .env support to your django/flask apps in development and deployments"
category = "main"
optional = false
python-versions = "*"

[package.extras]
cli = ["click (>=5.0)"]

[[package]]
name = "pytz"
version = "2022.1"
description = "World timezone definitions, modern and historical"
category = "main"
optional = false
python-versions = "*"

[[package]]
name = "rapidfuzz"
version = "1.8.3"
description = "rapid fuzzy string matching"
category = "main"
optional = false
python-versions = ">=2.7"

[package.extras]
full = ["numpy"]

[[package]]
name = "requests"
version = "2.28.1"
description = "Python HTTP for Humans."
category = "main"
optional = false
python-versions = ">=3.7, <4"

[package.dependencies]
certifi = ">=2017.4.17"
charset-normalizer = ">=2,<3"
idna = ">=2.5,<4"
PySocks = {version = ">=1.5.6,<1.5.7 || >1.5.7", optional = true, markers = "extra == \"socks\""}
urllib3 = ">=1.21.1,<1.27"

[package.extras]
socks = ["PySocks (>=1.5.6,!=1.5.7)"]
use_chardet_on_py3 = ["chardet (>=3.0.2,<6)"]

[[package]]
name = "six"
version = "1.16.0"
description = "Python 2 and 3 compatibility utilities"
category = "main"
optional = false
python-versions = ">=2.7, !=3.0.*, !=3.1.*, !=3.2.*"

[[package]]
name = "tablib"
version = "3.2.1"
description = "Format agnostic tabular data library (XLS, JSON, YAML, CSV)"
category = "main"
optional = false
python-versions = ">=3.7"

[package.extras]
all = ["markuppy", "odfpy", "openpyxl (>=2.6.0)", "pandas", "pyyaml", "tabulate", "xlrd", "xlwt"]
cli = ["tabulate"]
html = ["markuppy"]
ods = ["odfpy"]
pandas = ["pandas"]
xls = ["xlrd", "xlwt"]
xlsx = ["openpyxl (>=2.6.0)"]
yaml = ["pyyaml"]

[[package]]
name = "toml"
version = "0.10.2"
description = "Python Library for Tom's Obvious, Minimal Language"
category = "main"
optional = false
python-versions = ">=2.6, !=3.0.*, !=3.1.*, !=3.2.*"

[[package]]
name = "tomli"
version = "2.0.1"
description = "A lil' TOML parser"
category = "dev"
optional = false
python-versions = ">=3.7"

[[package]]
name = "typed-ast"
version = "1.5.4"
description = "a fork of Python 2 and 3 ast modules with type comment support"
category = "main"
optional = false
python-versions = ">=3.6"

[[package]]
name = "typing-extensions"
version = "4.3.0"
description = "Backported and Experimental Type Hints for Python 3.7+"
category = "main"
optional = false
python-versions = ">=3.7"

[[package]]
name = "urllib3"
version = "1.26.11"
description = "HTTP library with thread-safe connection pooling, file post, and more."
category = "main"
optional = false
python-versions = ">=2.7, !=3.0.*, !=3.1.*, !=3.2.*, !=3.3.*, !=3.4.*, !=3.5.*, <4"

[package.extras]
brotli = ["brotlicffi (>=0.8.0)", "brotli (>=1.0.9)", "brotlipy (>=0.6.0)"]
secure = ["pyOpenSSL (>=0.14)", "cryptography (>=1.3.4)", "idna (>=2.0.0)", "certifi", "ipaddress"]
socks = ["PySocks (>=1.5.6,!=1.5.7,<2.0)"]

[[package]]
name = "xlrd"
version = "1.2.0"
description = "Library for developers to extract data from Microsoft Excel (tm) spreadsheet files"
category = "main"
optional = false
python-versions = ">=2.7, !=3.0.*, !=3.1.*, !=3.2.*, !=3.3.*"

[metadata]
lock-version = "1.1"
python-versions = "^3.10"
content-hash = "178c98d199baa10440dd5eae1bc15bf3a916c3729168eb5486d43566df012b1b"

[metadata.files]
atomicwrites = [
    {file = "atomicwrites-1.4.0-py2.py3-none-any.whl", hash = "sha256:6d1784dea7c0c8d4a5172b6c620f40b6e4cbfdf96d783691f2e1302a7b88e197"},
    {file = "atomicwrites-1.4.0.tar.gz", hash = "sha256:ae70396ad1a434f9c7046fd2dd196fc04b12f9e91ffb859164193be8b6168a7a"},
]
attrs = [
    {file = "attrs-21.4.0-py2.py3-none-any.whl", hash = "sha256:2d27e3784d7a565d36ab851fe94887c5eccd6a463168875832a1be79c82828b4"},
    {file = "attrs-21.4.0.tar.gz", hash = "sha256:626ba8234211db98e869df76230a137c4c40a12d72445c45d5f5b716f076e2fd"},
]
certifi = []
charset-normalizer = []
click = [
    {file = "click-7.1.2-py2.py3-none-any.whl", hash = "sha256:dacca89f4bfadd5de3d7489b7c8a566eee0d3676333fbb50030263894c38c0dc"},
    {file = "click-7.1.2.tar.gz", hash = "sha256:d2b5255c7c6349bc1bd1e59e08cd12acbbd63ce649f2588755783aa94dfb6b1a"},
]
colorama = [
    {file = "colorama-0.4.4-py2.py3-none-any.whl", hash = "sha256:9f47eda37229f68eee03b24b9748937c7dc3868f906e8ba69fbcbdd3bc5dc3e2"},
    {file = "colorama-0.4.4.tar.gz", hash = "sha256:5941b2b48a20143d2267e95b1c2a7603ce057ee39fd88e7329b0c292aa16869b"},
]
et-xmlfile = [
    {file = "et_xmlfile-1.1.0-py3-none-any.whl", hash = "sha256:a2ba85d1d6a74ef63837eed693bcb89c3f752169b0e3e7ae5b16ca5e1b3deada"},
    {file = "et_xmlfile-1.1.0.tar.gz", hash = "sha256:8eb9e2bc2f8c97e37a2dc85a09ecdcdec9d8a396530a6d5a33b30b9a92da0c5c"},
]
fuzzywuzzy = [
    {file = "fuzzywuzzy-0.18.0-py2.py3-none-any.whl", hash = "sha256:928244b28db720d1e0ee7587acf660ea49d7e4c632569cad4f1cd7e68a5f0993"},
    {file = "fuzzywuzzy-0.18.0.tar.gz", hash = "sha256:45016e92264780e58972dca1b3d939ac864b78437422beecebb3095f8efd00e8"},
]
idna = [
    {file = "idna-3.3-py3-none-any.whl", hash = "sha256:84d9dd047ffa80596e0f246e2eab0b391788b0503584e8945f2368256d2735ff"},
    {file = "idna-3.3.tar.gz", hash = "sha256:9d643ff0a55b762d5cdb124b8eaa99c66322e2157b69160bc32796e824360e6d"},
]
iniconfig = [
    {file = "iniconfig-1.1.1-py2.py3-none-any.whl", hash = "sha256:011e24c64b7f47f6ebd835bb12a743f2fbe9a26d4cecaa7f53bc4f35ee9da8b3"},
    {file = "iniconfig-1.1.1.tar.gz", hash = "sha256:bc3af051d7d14b2ee5ef9969666def0cd1a000e121eaea580d4a313df4b37f32"},
]
levenshtein = [
    {file = "Levenshtein-0.16.0-cp310-cp310-macosx_10_9_x86_64.whl", hash = "sha256:02a977be78bc1ab6e58ba594e98ef8b5c27b7f301f3ac408cb12bcf23cc67fec"},
    {file = "Levenshtein-0.16.0-cp310-cp310-manylinux_2_17_aarch64.manylinux2014_aarch64.whl", hash = "sha256:485cd2b940ae740c65b8b3964600f3d4bd64e9362fd01a90ee8105c7348595a1"},
    {file = "Levenshtein-0.16.0-cp310-cp310-manylinux_2_17_ppc64le.manylinux2014_ppc64le.whl", hash = "sha256:0780aec6f770e25cf280393e2f003dcca9d6e72487cdd3501e8d84957a429b6d"},
    {file = "Levenshtein-0.16.0-cp310-cp310-manylinux_2_17_s390x.manylinux2014_s390x.whl", hash = "sha256:300336f879a15a635adb6c64626bdcbfb8b4167abd0f9664ebd124eace2890e8"},
    {file = "Levenshtein-0.16.0-cp310-cp310-manylinux_2_5_i686.manylinux1_i686.manylinux_2_12_i686.manylinux2010_i686.whl", hash = "sha256:cb3d3fd721541ca561a58cdc3a8fc7b548e6d7f9c076bc7dc5f9881a7c5625c0"},
    {file = "Levenshtein-0.16.0-cp310-cp310-manylinux_2_5_x86_64.manylinux1_x86_64.manylinux_2_12_x86_64.manylinux2010_x86_64.whl", hash = "sha256:e67a54e3cae2a9a8258bedb7fa7fde75ad5f58546820f3cf03f9546e8553847d"},
    {file = "Levenshtein-0.16.0-cp310-cp310-win32.whl", hash = "sha256:f5e1fbbae1e2744dd94471193a7adf1713bb75281de880d2a5caf06b954529a0"},
    {file = "Levenshtein-0.16.0-cp310-cp310-win_amd64.whl", hash = "sha256:1c8c10e67b1e14636a21b94e5e8412b02684f9cda6e33d670be87730b256e091"},
    {file = "Levenshtein-0.16.0-cp35-cp35m-macosx_10_9_x86_64.whl", hash = "sha256:a9d0f5f61d4cb55351aa92d2815b985e4f8fbdae257a08352e43d81ce68416be"},
    {file = "Levenshtein-0.16.0-cp35-cp35m-manylinux1_i686.whl", hash = "sha256:b3130721ccf4817384f22ea335605dc49d65ee7c78d7dd33dc09fe55d3212f35"},
    {file = "Levenshtein-0.16.0-cp35-cp35m-manylinux1_x86_64.whl", hash = "sha256:1cfdf50304b3d8454ce0bb662e3c7810997d599fc5f232ed3ad4effd4a3505b5"},
    {file = "Levenshtein-0.16.0-cp35-cp35m-manylinux2010_i686.whl", hash = "sha256:1f3ef34555a3f5fe92ad12073a241d6b921a44f03e2a50ee733926df56582a55"},
    {file = "Levenshtein-0.16.0-cp35-cp35m-manylinux2010_x86_64.whl", hash = "sha256:89d5e91722ca1efa0fa7fc5483d264df09237d472bda0a782667211bf9fdc5cd"},
    {file = "Levenshtein-0.16.0-cp35-cp35m-win32.whl", hash = "sha256:fdd09d21a5a4793c320a852a99e4484b716cf54beaf622004f9ebdbed673c591"},
    {file = "Levenshtein-0.16.0-cp35-cp35m-win_amd64.whl", hash = "sha256:9901ea03c7aec5ca497a16c91a4aa8cff4c5dd72eac9cf457e66cde307a3e91e"},
    {file = "Levenshtein-0.16.0-cp36-cp36m-macosx_10_9_x86_64.whl", hash = "sha256:d8cac37456ef4d1fa23b83958bfed2bf09f9228e62fa06ec24bb7f76da129e95"},
    {file = "Levenshtein-0.16.0-cp36-cp36m-manylinux_2_17_aarch64.manylinux2014_aarch64.whl", hash = "sha256:9cc997fd24cd67572d8ed719f306896477cafb0fd2d13ac3ff9d3cffa3be9803"},
    {file = "Levenshtein-0.16.0-cp36-cp36m-manylinux_2_17_ppc64le.manylinux2014_ppc64le.whl", hash = "sha256:2fff380979dc2e7bda5f8a43b76263bdfb289371b38099b5927be0bace1b1fda"},
    {file = "Levenshtein-0.16.0-cp36-cp36m-manylinux_2_17_s390x.manylinux2014_s390x.whl", hash = "sha256:cc3b2ee8c7c33e23d18574ba95c2b7448e08c8ef4b6675a27cf9d1077fc4eda5"},
    {file = "Levenshtein-0.16.0-cp36-cp36m-manylinux_2_5_i686.manylinux1_i686.manylinux_2_12_i686.manylinux2010_i686.whl", hash = "sha256:d54286dad923ab2b3954794c9cb6a10e123ad67597a86d4d383fe753e8fee314"},
    {file = "Levenshtein-0.16.0-cp36-cp36m-manylinux_2_5_x86_64.manylinux1_x86_64.manylinux_2_12_x86_64.manylinux2010_x86_64.whl", hash = "sha256:b651c2336eab31dee2f2f422ea619e5d3b452ba4fe6b10aeea205935b02fb51b"},
    {file = "Levenshtein-0.16.0-cp36-cp36m-win32.whl", hash = "sha256:e79e0de22c1497f9de874394bb1c0b59bcbfd18a873e0de94188718ef8399155"},
    {file = "Levenshtein-0.16.0-cp36-cp36m-win_amd64.whl", hash = "sha256:e5beda373da7405468b66eccf58206767ce4c241cebb55b21a2c3261436c6646"},
    {file = "Levenshtein-0.16.0-cp37-cp37m-macosx_10_9_x86_64.whl", hash = "sha256:bac8762ccaa5cdb062310b49b21ec912beaf8968a4da3fd561cc3baa227754a8"},
    {file = "Levenshtein-0.16.0-cp37-cp37m-manylinux_2_17_aarch64.manylinux2014_aarch64.whl", hash = "sha256:8e7dac968360ec2ac9c903d249c67628f1aa66c6db20bd7ac9eb6fa820eada94"},
    {file = "Levenshtein-0.16.0-cp37-cp37m-manylinux_2_17_ppc64le.manylinux2014_ppc64le.whl", hash = "sha256:6fff6bbe6b0333572e3a46dd0eb36e02b487605af143bb3946033b1d28d6c4d6"},
    {file = "Levenshtein-0.16.0-cp37-cp37m-manylinux_2_17_s390x.manylinux2014_s390x.whl", hash = "sha256:4043399b08c0c334874c2e3d394ff282cabeb6c70e6ba76a0b2ba63b2c876dc8"},
    {file = "Levenshtein-0.16.0-cp37-cp37m-manylinux_2_5_i686.manylinux1_i686.manylinux_2_12_i686.manylinux2010_i686.whl", hash = "sha256:022a4b5f7c8384beeaa693788c00a43e42ce5ee5ed7d41ec7d6248ce50b73830"},
    {file = "Levenshtein-0.16.0-cp37-cp37m-manylinux_2_5_x86_64.manylinux1_x86_64.manylinux_2_12_x86_64.manylinux2010_x86_64.whl", hash = "sha256:36a664c6cc598ae3069f96cbfbc1ae2c530e86ccf5044d5de6178be21f1d5783"},
    {file = "Levenshtein-0.16.0-cp37-cp37m-win32.whl", hash = "sha256:3a4657a304397e90845953d6afb001b7357e426b2bd8c2006f59da2d590a96b5"},
    {file = "Levenshtein-0.16.0-cp37-cp37m-win_amd64.whl", hash = "sha256:d0460d0f6de5f748f8344f03db2f333be96c5ff366f3ab3e2df9e63baa6916a4"},
    {file = "Levenshtein-0.16.0-cp38-cp38-macosx_10_9_x86_64.whl", hash = "sha256:9b49f7723bd65caad02e42c0530125700463cd3d3ae91557e7afc4f6c4edeee4"},
    {file = "Levenshtein-0.16.0-cp38-cp38-manylinux_2_17_aarch64.manylinux2014_aarch64.whl", hash = "sha256:f40ea2504e41eaa4b94c35c91bef3f4579c9cfcf5de8a69126a6d9da899245c0"},
    {file = "Levenshtein-0.16.0-cp38-cp38-manylinux_2_17_ppc64le.manylinux2014_ppc64le.whl", hash = "sha256:47faac65d16b24792d30137f2ec82ecf01d788da9ae60918ae6743ef94f7e2a9"},
    {file = "Levenshtein-0.16.0-cp38-cp38-manylinux_2_17_s390x.manylinux2014_s390x.whl", hash = "sha256:8dca8e805a24c08a98333cc5445eb78e00a9f093a0ce7d87c34b1ec5cbf0e14c"},
    {file = "Levenshtein-0.16.0-cp38-cp38-manylinux_2_5_i686.manylinux1_i686.manylinux_2_12_i686.manylinux2010_i686.whl", hash = "sha256:a04e991b4a05c7d64939686554e6825e01478603505784ccb684b2f78c5ca26d"},
    {file = "Levenshtein-0.16.0-cp38-cp38-manylinux_2_5_x86_64.manylinux1_x86_64.manylinux_2_12_x86_64.manylinux2010_x86_64.whl", hash = "sha256:fd3cd4d1fd751a8d862bbdbabfee0c5214c5ba32b6188458df7f73513da2718a"},
    {file = "Levenshtein-0.16.0-cp38-cp38-win32.whl", hash = "sha256:dedac87e0942276d73168b5ff7df142b00097301b7865d9b185a6ac152fdf15d"},
    {file = "Levenshtein-0.16.0-cp38-cp38-win_amd64.whl", hash = "sha256:56700e5c3a1290ab2105bf95be994d2c56c9fd09cdf81e241a4470c4dc64a1c4"},
    {file = "Levenshtein-0.16.0-cp39-cp39-macosx_10_9_x86_64.whl", hash = "sha256:5cf1bf0408e20020ccc134c1125f740814d37d14e3a59359c890a6665ac79e29"},
    {file = "Levenshtein-0.16.0-cp39-cp39-manylinux_2_17_aarch64.manylinux2014_aarch64.whl", hash = "sha256:9b348844b191c6974cd61744223cb637c99d9854f2e9659b3b214134c6125915"},
    {file = "Levenshtein-0.16.0-cp39-cp39-manylinux_2_17_ppc64le.manylinux2014_ppc64le.whl", hash = "sha256:6fe0a68f117961c59bbe970f6000a528e755c7a945c46c21ab17e643fd25d502"},
    {file = "Levenshtein-0.16.0-cp39-cp39-manylinux_2_17_s390x.manylinux2014_s390x.whl", hash = "sha256:c706b1e89302f4292b37685da66fb19b9b69dbb8f1c786228a554317821bde93"},
    {file = "Levenshtein-0.16.0-cp39-cp39-manylinux_2_5_i686.manylinux1_i686.manylinux_2_12_i686.manylinux2010_i686.whl", hash = "sha256:495648499b47dbc963e619126e39026163b48fd2760b0dc9102bb8126c936cfd"},
    {file = "Levenshtein-0.16.0-cp39-cp39-manylinux_2_5_x86_64.manylinux1_x86_64.manylinux_2_12_x86_64.manylinux2010_x86_64.whl", hash = "sha256:970f0e9b9ddda30b9581ae8cc203b3ecfaac59c8e24ba2efa998601e7a970936"},
    {file = "Levenshtein-0.16.0-cp39-cp39-win32.whl", hash = "sha256:e4befca089b463b46403523006fc1edc79ec5c594dd104ebb26b4607fd796557"},
    {file = "Levenshtein-0.16.0-cp39-cp39-win_amd64.whl", hash = "sha256:a05a34de68e67669e4803992441a7f2b59a38f432c6c4c8309be59949a57c874"},
    {file = "Levenshtein-0.16.0-pp37-pypy37_pp73-macosx_10_9_x86_64.whl", hash = "sha256:a37e56c1018dbdae18a9a32d2b333eaa8b8ebbf2bb2bf28ab5a20fdca828c501"},
    {file = "Levenshtein-0.16.0-pp37-pypy37_pp73-manylinux_2_5_i686.manylinux1_i686.manylinux_2_12_i686.manylinux2010_i686.whl", hash = "sha256:a1d5e7a9ec327588046d18788a453b8a42f9bab64345750516c394a8cd62f67c"},
    {file = "Levenshtein-0.16.0-pp37-pypy37_pp73-manylinux_2_5_x86_64.manylinux1_x86_64.manylinux_2_12_x86_64.manylinux2010_x86_64.whl", hash = "sha256:558b10e0fd1bc81571ea2c131d31e7df2d2b1997326770067228a84e32ef0f9a"},
    {file = "Levenshtein-0.16.0-pp37-pypy37_pp73-win_amd64.whl", hash = "sha256:a5181a65a838f434d65bf3e9368eb82f688db15e28686742b55a8b22bcae2267"},
    {file = "Levenshtein-0.16.0.tar.gz", hash = "sha256:bb38dc5fc67bbe31574b64ea55c4b44d549340024601887d5302d5a6723f205a"},
]
numpy = []
openpyxl = []
packaging = [
    {file = "packaging-21.3-py3-none-any.whl", hash = "sha256:ef103e05f519cdc783ae24ea4e2e0f508a9c99b2d4969652eed6a2e1ea5bd522"},
    {file = "packaging-21.3.tar.gz", hash = "sha256:dd47c42927d89ab911e606518907cc2d3a1f38bbd026385970643f9c5b8ecfeb"},
]
pandas = []
parser-gibdd = []
pluggy = [
    {file = "pluggy-1.0.0-py2.py3-none-any.whl", hash = "sha256:74134bbf457f031a36d68416e1509f34bd5ccc019f0bcc952c7b909d06b37bd3"},
    {file = "pluggy-1.0.0.tar.gz", hash = "sha256:4224373bacce55f955a878bf9cfa763c1e360858e330072059e10bad68531159"},
]
py = [
    {file = "py-1.11.0-py2.py3-none-any.whl", hash = "sha256:607c53218732647dff4acdfcd50cb62615cedf612e72d1724fb1a0cc6405b378"},
    {file = "py-1.11.0.tar.gz", hash = "sha256:51c75c4126074b472f746a24399ad32f6053d1b34b68d2fa41e558e6f4a98719"},
]
pydantic = [
    {file = "pydantic-1.9.1-cp310-cp310-macosx_10_9_x86_64.whl", hash = "sha256:c8098a724c2784bf03e8070993f6d46aa2eeca031f8d8a048dff277703e6e193"},
    {file = "pydantic-1.9.1-cp310-cp310-macosx_11_0_arm64.whl", hash = "sha256:c320c64dd876e45254bdd350f0179da737463eea41c43bacbee9d8c9d1021f11"},
    {file = "pydantic-1.9.1-cp310-cp310-manylinux_2_17_x86_64.manylinux2014_x86_64.whl", hash = "sha256:18f3e912f9ad1bdec27fb06b8198a2ccc32f201e24174cec1b3424dda605a310"},
    {file = "pydantic-1.9.1-cp310-cp310-manylinux_2_5_i686.manylinux1_i686.manylinux_2_17_i686.manylinux2014_i686.whl", hash = "sha256:c11951b404e08b01b151222a1cb1a9f0a860a8153ce8334149ab9199cd198131"},
    {file = "pydantic-1.9.1-cp310-cp310-musllinux_1_1_i686.whl", hash = "sha256:8bc541a405423ce0e51c19f637050acdbdf8feca34150e0d17f675e72d119580"},
    {file = "pydantic-1.9.1-cp310-cp310-musllinux_1_1_x86_64.whl", hash = "sha256:e565a785233c2d03724c4dc55464559639b1ba9ecf091288dd47ad9c629433bd"},
    {file = "pydantic-1.9.1-cp310-cp310-win_amd64.whl", hash = "sha256:a4a88dcd6ff8fd47c18b3a3709a89adb39a6373f4482e04c1b765045c7e282fd"},
    {file = "pydantic-1.9.1-cp36-cp36m-macosx_10_9_x86_64.whl", hash = "sha256:447d5521575f18e18240906beadc58551e97ec98142266e521c34968c76c8761"},
    {file = "pydantic-1.9.1-cp36-cp36m-manylinux_2_17_x86_64.manylinux2014_x86_64.whl", hash = "sha256:985ceb5d0a86fcaa61e45781e567a59baa0da292d5ed2e490d612d0de5796918"},
    {file = "pydantic-1.9.1-cp36-cp36m-manylinux_2_5_i686.manylinux1_i686.manylinux_2_17_i686.manylinux2014_i686.whl", hash = "sha256:059b6c1795170809103a1538255883e1983e5b831faea6558ef873d4955b4a74"},
    {file = "pydantic-1.9.1-cp36-cp36m-musllinux_1_1_i686.whl", hash = "sha256:d12f96b5b64bec3f43c8e82b4aab7599d0157f11c798c9f9c528a72b9e0b339a"},
    {file = "pydantic-1.9.1-cp36-cp36m-musllinux_1_1_x86_64.whl", hash = "sha256:ae72f8098acb368d877b210ebe02ba12585e77bd0db78ac04a1ee9b9f5dd2166"},
    {file = "pydantic-1.9.1-cp36-cp36m-win_amd64.whl", hash = "sha256:79b485767c13788ee314669008d01f9ef3bc05db9ea3298f6a50d3ef596a154b"},
    {file = "pydantic-1.9.1-cp37-cp37m-macosx_10_9_x86_64.whl", hash = "sha256:494f7c8537f0c02b740c229af4cb47c0d39840b829ecdcfc93d91dcbb0779892"},
    {file = "pydantic-1.9.1-cp37-cp37m-manylinux_2_17_x86_64.manylinux2014_x86_64.whl", hash = "sha256:f0f047e11febe5c3198ed346b507e1d010330d56ad615a7e0a89fae604065a0e"},
    {file = "pydantic-1.9.1-cp37-cp37m-manylinux_2_5_i686.manylinux1_i686.manylinux_2_17_i686.manylinux2014_i686.whl", hash = "sha256:969dd06110cb780da01336b281f53e2e7eb3a482831df441fb65dd30403f4608"},
    {file = "pydantic-1.9.1-cp37-cp37m-musllinux_1_1_i686.whl", hash = "sha256:177071dfc0df6248fd22b43036f936cfe2508077a72af0933d0c1fa269b18537"},
    {file = "pydantic-1.9.1-cp37-cp37m-musllinux_1_1_x86_64.whl", hash = "sha256:9bcf8b6e011be08fb729d110f3e22e654a50f8a826b0575c7196616780683380"},
    {file = "pydantic-1.9.1-cp37-cp37m-win_amd64.whl", hash = "sha256:a955260d47f03df08acf45689bd163ed9df82c0e0124beb4251b1290fa7ae728"},
    {file = "pydantic-1.9.1-cp38-cp38-macosx_10_9_x86_64.whl", hash = "sha256:9ce157d979f742a915b75f792dbd6aa63b8eccaf46a1005ba03aa8a986bde34a"},
    {file = "pydantic-1.9.1-cp38-cp38-macosx_11_0_arm64.whl", hash = "sha256:0bf07cab5b279859c253d26a9194a8906e6f4a210063b84b433cf90a569de0c1"},
    {file = "pydantic-1.9.1-cp38-cp38-manylinux_2_17_x86_64.manylinux2014_x86_64.whl", hash = "sha256:5d93d4e95eacd313d2c765ebe40d49ca9dd2ed90e5b37d0d421c597af830c195"},
    {file = "pydantic-1.9.1-cp38-cp38-manylinux_2_5_i686.manylinux1_i686.manylinux_2_17_i686.manylinux2014_i686.whl", hash = "sha256:1542636a39c4892c4f4fa6270696902acb186a9aaeac6f6cf92ce6ae2e88564b"},
    {file = "pydantic-1.9.1-cp38-cp38-musllinux_1_1_i686.whl", hash = "sha256:a9af62e9b5b9bc67b2a195ebc2c2662fdf498a822d62f902bf27cccb52dbbf49"},
    {file = "pydantic-1.9.1-cp38-cp38-musllinux_1_1_x86_64.whl", hash = "sha256:fe4670cb32ea98ffbf5a1262f14c3e102cccd92b1869df3bb09538158ba90fe6"},
    {file = "pydantic-1.9.1-cp38-cp38-win_amd64.whl", hash = "sha256:9f659a5ee95c8baa2436d392267988fd0f43eb774e5eb8739252e5a7e9cf07e0"},
    {file = "pydantic-1.9.1-cp39-cp39-macosx_10_9_x86_64.whl", hash = "sha256:b83ba3825bc91dfa989d4eed76865e71aea3a6ca1388b59fc801ee04c4d8d0d6"},
    {file = "pydantic-1.9.1-cp39-cp39-macosx_11_0_arm64.whl", hash = "sha256:1dd8fecbad028cd89d04a46688d2fcc14423e8a196d5b0a5c65105664901f810"},
    {file = "pydantic-1.9.1-cp39-cp39-manylinux_2_17_x86_64.manylinux2014_x86_64.whl", hash = "sha256:02eefd7087268b711a3ff4db528e9916ac9aa18616da7bca69c1871d0b7a091f"},
    {file = "pydantic-1.9.1-cp39-cp39-manylinux_2_5_i686.manylinux1_i686.manylinux_2_17_i686.manylinux2014_i686.whl", hash = "sha256:7eb57ba90929bac0b6cc2af2373893d80ac559adda6933e562dcfb375029acee"},
    {file = "pydantic-1.9.1-cp39-cp39-musllinux_1_1_i686.whl", hash = "sha256:4ce9ae9e91f46c344bec3b03d6ee9612802682c1551aaf627ad24045ce090761"},
    {file = "pydantic-1.9.1-cp39-cp39-musllinux_1_1_x86_64.whl", hash = "sha256:72ccb318bf0c9ab97fc04c10c37683d9eea952ed526707fabf9ac5ae59b701fd"},
    {file = "pydantic-1.9.1-cp39-cp39-win_amd64.whl", hash = "sha256:61b6760b08b7c395975d893e0b814a11cf011ebb24f7d869e7118f5a339a82e1"},
    {file = "pydantic-1.9.1-py3-none-any.whl", hash = "sha256:4988c0f13c42bfa9ddd2fe2f569c9d54646ce84adc5de84228cfe83396f3bd58"},
    {file = "pydantic-1.9.1.tar.gz", hash = "sha256:1ed987c3ff29fff7fd8c3ea3a3ea877ad310aae2ef9889a119e22d3f2db0691a"},
]
pyparsing = [
    {file = "pyparsing-3.0.7-py3-none-any.whl", hash = "sha256:a6c06a88f252e6c322f65faf8f418b16213b51bdfaece0524c1c1bc30c63c484"},
    {file = "pyparsing-3.0.7.tar.gz", hash = "sha256:18ee9022775d270c55187733956460083db60b37d0d0fb357445f3094eed3eea"},
]
pysocks = [
    {file = "PySocks-1.7.1-py27-none-any.whl", hash = "sha256:08e69f092cc6dbe92a0fdd16eeb9b9ffbc13cadfe5ca4c7bd92ffb078b293299"},
    {file = "PySocks-1.7.1-py3-none-any.whl", hash = "sha256:2725bd0a9925919b9b51739eea5f9e2bae91e83288108a9ad338b2e3a4435ee5"},
    {file = "PySocks-1.7.1.tar.gz", hash = "sha256:3f8804571ebe159c380ac6de37643bb4685970655d3bba243530d6558b799aa0"},
]
pytest = [
    {file = "pytest-7.1.1-py3-none-any.whl", hash = "sha256:92f723789a8fdd7180b6b06483874feca4c48a5c76968e03bb3e7f806a1869ea"},
    {file = "pytest-7.1.1.tar.gz", hash = "sha256:841132caef6b1ad17a9afde46dc4f6cfa59a05f9555aae5151f73bdf2820ca63"},
]
python-dateutil = [
    {file = "python-dateutil-2.8.2.tar.gz", hash = "sha256:0123cacc1627ae19ddf3c27a5de5bd67ee4586fbdd6440d9748f8abb483d3e86"},
    {file = "python_dateutil-2.8.2-py2.py3-none-any.whl", hash = "sha256:961d03dc3453ebbc59dbdea9e4e11c5651520a876d0f4db161e8674aae935da9"},
]
python-dotenv = [
    {file = "python-dotenv-0.14.0.tar.gz", hash = "sha256:8c10c99a1b25d9a68058a1ad6f90381a62ba68230ca93966882a4dbc3bc9c33d"},
    {file = "python_dotenv-0.14.0-py2.py3-none-any.whl", hash = "sha256:c10863aee750ad720f4f43436565e4c1698798d763b63234fb5021b6c616e423"},
]
pytz = [
    {file = "pytz-2022.1-py2.py3-none-any.whl", hash = "sha256:e68985985296d9a66a881eb3193b0906246245294a881e7c8afe623866ac6a5c"},
    {file = "pytz-2022.1.tar.gz", hash = "sha256:1e760e2fe6a8163bc0b3d9a19c4f84342afa0a2affebfaa84b01b978a02ecaa7"},
]
rapidfuzz = [
    {file = "rapidfuzz-1.8.3-cp27-cp27m-macosx_10_9_x86_64.whl", hash = "sha256:0aa566e46bf1bf8e98e7a009fb0119c6601aece029af2e9566cfdf7662526c20"},
    {file = "rapidfuzz-1.8.3-cp27-cp27m-manylinux2010_i686.whl", hash = "sha256:6854b2399fa39dbf480a55fe359e1012590b29e683035645dd8d56c8d367ca9b"},
    {file = "rapidfuzz-1.8.3-cp27-cp27m-manylinux2010_x86_64.whl", hash = "sha256:7f79d77e2d20d2042c7fa00c07e979e28d684d875e5a523a51c06e8b1a2f579c"},
    {file = "rapidfuzz-1.8.3-cp27-cp27m-win32.whl", hash = "sha256:b896fc68897611354d78285262e475e387f539cef85d11983c0c06c7aa0ac20c"},
    {file = "rapidfuzz-1.8.3-cp27-cp27m-win_amd64.whl", hash = "sha256:39ec5cec3f9054a1176906972b4d900b5ed314d25dab709156d1e9b7f957de11"},
    {file = "rapidfuzz-1.8.3-cp27-cp27mu-manylinux2010_i686.whl", hash = "sha256:c69e0bbbfb6e4add79fe6919dea7e6936401c7708ed76280223a954dfb8a3277"},
    {file = "rapidfuzz-1.8.3-cp27-cp27mu-manylinux2010_x86_64.whl", hash = "sha256:1e0c30a631fac14469d18d19190ef8b53d97a95aceecb0ffa103d13a76d7bbac"},
    {file = "rapidfuzz-1.8.3-cp310-cp310-macosx_10_9_universal2.whl", hash = "sha256:3d15cb1176d77962ef9af567aa3d33459930f290a0bf06355ac7b6d3bfb001aa"},
    {file = "rapidfuzz-1.8.3-cp310-cp310-macosx_10_9_x86_64.whl", hash = "sha256:e77f537bc28af69de0066e09191be746600f3b51c1d1c820b3e82c9e1b0152bd"},
    {file = "rapidfuzz-1.8.3-cp310-cp310-macosx_11_0_arm64.whl", hash = "sha256:8fa4ef5f82762274558a7afe2037b016aee2c81b3d5d2c749a25771875013091"},
    {file = "rapidfuzz-1.8.3-cp310-cp310-manylinux_2_12_i686.manylinux2010_i686.whl", hash = "sha256:4a83917d28f23d87f6ad1c6c201ff8385bd5dfd37d5da9c4cb5967e9e3a431da"},
    {file = "rapidfuzz-1.8.3-cp310-cp310-manylinux_2_12_x86_64.manylinux2010_x86_64.whl", hash = "sha256:8a477f5d75aef642e14f0051fe5e7315730dff4df4f6c02e2ddb046d3ba94791"},
    {file = "rapidfuzz-1.8.3-cp310-cp310-manylinux_2_17_aarch64.manylinux2014_aarch64.whl", hash = "sha256:2e3c7d39c97414952ce687db2ef7966612511d23561222c04cb226e9871d0cdb"},
    {file = "rapidfuzz-1.8.3-cp310-cp310-win32.whl", hash = "sha256:0ed81b389274736675a7815b8f65b0492be65548cf03b5cc81687c66188ff9dd"},
    {file = "rapidfuzz-1.8.3-cp310-cp310-win_amd64.whl", hash = "sha256:ced1bf333f228c4fd31db8d55185366b090755c5c634c51afadf3c4a079fe1fc"},
    {file = "rapidfuzz-1.8.3-cp35-cp35m-macosx_10_9_x86_64.whl", hash = "sha256:50c25c058616b9c3a3b5814db1560e9ecbdeec3d987e51b641dc3bc261c55bbc"},
    {file = "rapidfuzz-1.8.3-cp35-cp35m-manylinux2010_i686.whl", hash = "sha256:87056d8106cb3f118b5fcc4a7c8ab77e40dcf7e5b5904a83a344d8a916feefd4"},
    {file = "rapidfuzz-1.8.3-cp35-cp35m-manylinux2010_x86_64.whl", hash = "sha256:0a255c6bd346dbb3c0fc96daf5ed10473a2568365ab76de7d779732d3a304af2"},
    {file = "rapidfuzz-1.8.3-cp35-cp35m-win32.whl", hash = "sha256:60168de30ea1280884a2ebf83ff028966c670b0c56840095939b987e3a372aaa"},
    {file = "rapidfuzz-1.8.3-cp35-cp35m-win_amd64.whl", hash = "sha256:d7f9cd0836689a6a928c79005108475c9e95cf9ea3ec850b54017f49a3cc961d"},
    {file = "rapidfuzz-1.8.3-cp36-cp36m-macosx_10_9_x86_64.whl", hash = "sha256:31082c7cf4ba405c054d149cb04e32f68cfb13c736d09354dab81aa60d553194"},
    {file = "rapidfuzz-1.8.3-cp36-cp36m-manylinux_2_12_i686.manylinux2010_i686.whl", hash = "sha256:ee1149e2038e6ea6065a439b14e2f7a6939d3bc9fb19fa9d4e32161f678ca555"},
    {file = "rapidfuzz-1.8.3-cp36-cp36m-manylinux_2_12_x86_64.manylinux2010_x86_64.whl", hash = "sha256:205cf9193aa1cc6c368e1a744a35e205f152ca2f63f516802ed9322764ece04a"},
    {file = "rapidfuzz-1.8.3-cp36-cp36m-manylinux_2_17_aarch64.manylinux2014_aarch64.whl", hash = "sha256:2985f9694f2732a968f8af8cb7e4ab0325a7d80d9e8fd29f3b2b4621da6ccef8"},
    {file = "rapidfuzz-1.8.3-cp36-cp36m-win32.whl", hash = "sha256:4bf7a88deade25cb91eff36f79e40b174b6dc1fdb467e50a3aca65ab8a951431"},
    {file = "rapidfuzz-1.8.3-cp36-cp36m-win_amd64.whl", hash = "sha256:8a443341fbc171df6eed302fcf1adf4975045565988edeaee4302636c0a7e6c1"},
    {file = "rapidfuzz-1.8.3-cp37-cp37m-macosx_10_9_x86_64.whl", hash = "sha256:70efbce4e2c80f091ae5f7040c6afe4f6e04836a2b0d27ab554fd6fb56b46ed5"},
    {file = "rapidfuzz-1.8.3-cp37-cp37m-manylinux_2_12_i686.manylinux2010_i686.whl", hash = "sha256:5954565dbc0a376971c4b8a65f698d8f12226b9e275ce1bef7874c2fc5a3a433"},
    {file = "rapidfuzz-1.8.3-cp37-cp37m-manylinux_2_12_x86_64.manylinux2010_x86_64.whl", hash = "sha256:a0b820f3279253d9deae6bed82c699d43903a2676208ac4d849f54a00919c473"},
    {file = "rapidfuzz-1.8.3-cp37-cp37m-manylinux_2_17_aarch64.manylinux2014_aarch64.whl", hash = "sha256:b3435b497bc78e548977a671b91f9655c20045dbbeee6ca4ce5219cac1411682"},
    {file = "rapidfuzz-1.8.3-cp37-cp37m-win32.whl", hash = "sha256:2fe0e9272e35a1f98fdbeef16f2e969e29a9226f187f540febfc064d82878668"},
    {file = "rapidfuzz-1.8.3-cp37-cp37m-win_amd64.whl", hash = "sha256:1df3455ffed5cdcc28b6e2b53dfc3ec068b298dceb3782e2e654f50ab16b2e34"},
    {file = "rapidfuzz-1.8.3-cp38-cp38-macosx_10_9_universal2.whl", hash = "sha256:d856c8ab95df935636108868e0579a1d78f68222d79fd35853e6d8ba54ced617"},
    {file = "rapidfuzz-1.8.3-cp38-cp38-macosx_10_9_x86_64.whl", hash = "sha256:3fcab917846c1c28fec36e8cd22c1a072cfb5ce5a297c6bda2017c01e309a892"},
    {file = "rapidfuzz-1.8.3-cp38-cp38-macosx_11_0_arm64.whl", hash = "sha256:6571adf845b4e464a3b748de0b1cdd4acc66c01a0e9fd51e5d43cbf0d4a85524"},
    {file = "rapidfuzz-1.8.3-cp38-cp38-manylinux_2_12_i686.manylinux2010_i686.whl", hash = "sha256:05d21cb420848838d6c2c2816181325ab1ae3109bfbe45df863635ef8f159714"},
    {file = "rapidfuzz-1.8.3-cp38-cp38-manylinux_2_12_x86_64.manylinux2010_x86_64.whl", hash = "sha256:dfc18bb38085e1b4a4dd2fe99b17770dcbf286408510477ff542fbdd0ffbe017"},
    {file = "rapidfuzz-1.8.3-cp38-cp38-manylinux_2_17_aarch64.manylinux2014_aarch64.whl", hash = "sha256:496ac913d5917838d92965873b3d9540be44619a9693123f6fb0d1074f1c63b5"},
    {file = "rapidfuzz-1.8.3-cp38-cp38-win32.whl", hash = "sha256:e0013c270b8c097a90b92b6a4664e410cfb2195b2573431b651634a28c13ee6f"},
    {file = "rapidfuzz-1.8.3-cp38-cp38-win_amd64.whl", hash = "sha256:124cfe1a3cfd0fa5069873aaa8933df50d9c0a1a0db126739aa3a129e09024da"},
    {file = "rapidfuzz-1.8.3-cp39-cp39-macosx_10_9_universal2.whl", hash = "sha256:a08453c1f5a6b25e4cc61b99e0601adbb1daed3a360b1270abf24625d83d52f0"},
    {file = "rapidfuzz-1.8.3-cp39-cp39-macosx_10_9_x86_64.whl", hash = "sha256:3d5a4befaa266fc75c5d9bd414029dc89a19ad0ad475ac527f5505119647a914"},
    {file = "rapidfuzz-1.8.3-cp39-cp39-macosx_11_0_arm64.whl", hash = "sha256:8da386372e1bf7579c7a32c28a263bc417b14fbc66c6c1df76baf30d6efa98ae"},
    {file = "rapidfuzz-1.8.3-cp39-cp39-manylinux_2_12_i686.manylinux2010_i686.whl", hash = "sha256:29a4ea3a779dd1c8fafdff241f3737c079d7905a1c33beab306e2179bb9bd6ff"},
    {file = "rapidfuzz-1.8.3-cp39-cp39-manylinux_2_12_x86_64.manylinux2010_x86_64.whl", hash = "sha256:0f9310f3d651aa50d4cb023de727bf3f8a96a76082ca3478a01d7a63109e3fd3"},
    {file = "rapidfuzz-1.8.3-cp39-cp39-manylinux_2_17_aarch64.manylinux2014_aarch64.whl", hash = "sha256:915ed93f12f551b0670d8f0d5949c660e533046e9efdfb49016de6c2ddca793c"},
    {file = "rapidfuzz-1.8.3-cp39-cp39-win32.whl", hash = "sha256:55c1772561900bf08fc15efa359f971723785d8b42419c4ea18eacd001bad5fc"},
    {file = "rapidfuzz-1.8.3-cp39-cp39-win_amd64.whl", hash = "sha256:911fb926f0237b67b6f566c4e1b029dd38888675228ad9e1613b2f8deb94d8a3"},
    {file = "rapidfuzz-1.8.3-pp27-pypy_73-macosx_10_9_x86_64.whl", hash = "sha256:4fc3f4430ca680bc576a789914d029fa1f332cd5836ca954ef8e12b11fd48801"},
    {file = "rapidfuzz-1.8.3-pp27-pypy_73-manylinux2010_x86_64.whl", hash = "sha256:5d45e00b29594e4a785f413869a43815bc29d977c940410255ea51adca61644d"},
    {file = "rapidfuzz-1.8.3-pp37-pypy37_pp73-manylinux_2_12_i686.manylinux2010_i686.whl", hash = "sha256:d11a69e5a33cbcb665d03f63f77d46bd2d4f4e8fc10f48e734d2880bba0b3ab7"},
    {file = "rapidfuzz-1.8.3-pp37-pypy37_pp73-manylinux_2_12_x86_64.manylinux2010_x86_64.whl", hash = "sha256:d9205db2beda1b83fbfaf968039fbbd05f1c278c6e13782c699ef1ad4d2c43af"},
    {file = "rapidfuzz-1.8.3-pp37-pypy37_pp73-win_amd64.whl", hash = "sha256:cee3f7daab7813314d61c6d81ba32fdd3c75f7cf6910cc630c76905195c4a2a4"},
    {file = "rapidfuzz-1.8.3.tar.gz", hash = "sha256:e85fa8110dc1271b7f193f225e5c6c63be81c3cf1a48648d01ed5d55955fbc4c"},
]
requests = []
six = [
    {file = "six-1.16.0-py2.py3-none-any.whl", hash = "sha256:8abb2f1d86890a2dfb989f9a77cfcfd3e47c2a354b01111771326f8aa26e0254"},
    {file = "six-1.16.0.tar.gz", hash = "sha256:1e61c37477a1626458e36f7b1d82aa5c9b094fa4802892072e49de9c60c4c926"},
]
tablib = []
toml = [
    {file = "toml-0.10.2-py2.py3-none-any.whl", hash = "sha256:806143ae5bfb6a3c6e736a764057db0e6a0e05e338b5630894a5f779cabb4f9b"},
    {file = "toml-0.10.2.tar.gz", hash = "sha256:b3bda1d108d5dd99f4a20d24d9c348e91c4db7ab1b749200bded2f839ccbe68f"},
]
tomli = [
    {file = "tomli-2.0.1-py3-none-any.whl", hash = "sha256:939de3e7a6161af0c887ef91b7d41a53e7c5a1ca976325f429cb46ea9bc30ecc"},
    {file = "tomli-2.0.1.tar.gz", hash = "sha256:de526c12914f0c550d15924c62d72abc48d6fe7364aa87328337a31007fe8a4f"},
]
typed-ast = []
typing-extensions = [
    {file = "typing_extensions-4.3.0-py3-none-any.whl", hash = "sha256:25642c956049920a5aa49edcdd6ab1e06d7e5d467fc00e0506c44ac86fbfca02"},
    {file = "typing_extensions-4.3.0.tar.gz", hash = "sha256:e6d2677a32f47fc7eb2795db1dd15c1f34eff616bcaf2cfb5e997f854fa1c4a6"},
]
urllib3 = []
xlrd = [
    {file = "xlrd-1.2.0-py2.py3-none-any.whl", hash = "sha256:e551fb498759fa3a5384a94ccd4c3c02eb7c00ea424426e212ac0c57be9dfbde"},
    {file = "xlrd-1.2.0.tar.gz", hash = "sha256:546eb36cee8db40c3eaa46c351e67ffee6eeb5fa2650b71bc4c758a29a1b29b2"},
]
